// !$*UTF8*$!
{
	archiveVersion = 1;
	classes = {
	};
	objectVersion = 56;
	objects = {

/* Begin PBXBuildFile section */
		5459DDCE2B27560F00B29C4E /* ChartView.swift in Sources */ = {isa = PBXBuildFile; fileRef = 5459DDCD2B27560F00B29C4E /* ChartView.swift */; };
		5459DDD42B285EF500B29C4E /* FavoriteCoin.swift in Sources */ = {isa = PBXBuildFile; fileRef = 5459DDD32B285EF500B29C4E /* FavoriteCoin.swift */; };
		54D07A702B271E5D00D321A0 /* CryptoTrackerApp.swift in Sources */ = {isa = PBXBuildFile; fileRef = 54D07A6F2B271E5D00D321A0 /* CryptoTrackerApp.swift */; };
		54D07A722B271E5D00D321A0 /* ContentView.swift in Sources */ = {isa = PBXBuildFile; fileRef = 54D07A712B271E5D00D321A0 /* ContentView.swift */; };
		54D07A742B271E5F00D321A0 /* Assets.xcassets in Resources */ = {isa = PBXBuildFile; fileRef = 54D07A732B271E5F00D321A0 /* Assets.xcassets */; };
		54D07A772B271E5F00D321A0 /* Preview Assets.xcassets in Resources */ = {isa = PBXBuildFile; fileRef = 54D07A762B271E5F00D321A0 /* Preview Assets.xcassets */; };
		DA9A1B3C2B2720D600AE5B94 /* MarketData.swift in Sources */ = {isa = PBXBuildFile; fileRef = DA9A1B3B2B2720D600AE5B94 /* MarketData.swift */; };
		DA9A1B3E2B2720FE00AE5B94 /* Currency.swift in Sources */ = {isa = PBXBuildFile; fileRef = DA9A1B3D2B2720FE00AE5B94 /* Currency.swift */; };
		DA9A1B412B27214900AE5B94 /* MarketOverviewViewModel.swift in Sources */ = {isa = PBXBuildFile; fileRef = DA9A1B402B27214900AE5B94 /* MarketOverviewViewModel.swift */; };
/* End PBXBuildFile section */

/* Begin PBXFileReference section */
		5459DDCD2B27560F00B29C4E /* ChartView.swift */ = {isa = PBXFileReference; lastKnownFileType = sourcecode.swift; path = ChartView.swift; sourceTree = "<group>"; };
		5459DDD02B27BB6A00B29C4E /* Config.xcconfig */ = {isa = PBXFileReference; lastKnownFileType = text.xcconfig; path = Config.xcconfig; sourceTree = "<group>"; };
		5459DDD12B27BC1D00B29C4E /* Info.plist */ = {isa = PBXFileReference; lastKnownFileType = text.plist; path = Info.plist; sourceTree = "<group>"; };
		5459DDD22B27BFF300B29C4E /* README.md */ = {isa = PBXFileReference; lastKnownFileType = net.daringfireball.markdown; path = README.md; sourceTree = "<group>"; };
		5459DDD32B285EF500B29C4E /* FavoriteCoin.swift */ = {isa = PBXFileReference; lastKnownFileType = sourcecode.swift; path = FavoriteCoin.swift; sourceTree = "<group>"; };
		54D07A6C2B271E5D00D321A0 /* CryptoTracker.app */ = {isa = PBXFileReference; explicitFileType = wrapper.application; includeInIndex = 0; path = CryptoTracker.app; sourceTree = BUILT_PRODUCTS_DIR; };
		54D07A6F2B271E5D00D321A0 /* CryptoTrackerApp.swift */ = {isa = PBXFileReference; lastKnownFileType = sourcecode.swift; path = CryptoTrackerApp.swift; sourceTree = "<group>"; };
		54D07A712B271E5D00D321A0 /* ContentView.swift */ = {isa = PBXFileReference; lastKnownFileType = sourcecode.swift; path = ContentView.swift; sourceTree = "<group>"; };
		54D07A732B271E5F00D321A0 /* Assets.xcassets */ = {isa = PBXFileReference; lastKnownFileType = folder.assetcatalog; path = Assets.xcassets; sourceTree = "<group>"; };
		54D07A762B271E5F00D321A0 /* Preview Assets.xcassets */ = {isa = PBXFileReference; lastKnownFileType = folder.assetcatalog; path = "Preview Assets.xcassets"; sourceTree = "<group>"; };
		54D07A7E2B271E9900D321A0 /* .gitignore */ = {isa = PBXFileReference; lastKnownFileType = text; path = .gitignore; sourceTree = "<group>"; };
		DA9A1B3B2B2720D600AE5B94 /* MarketData.swift */ = {isa = PBXFileReference; lastKnownFileType = sourcecode.swift; path = MarketData.swift; sourceTree = "<group>"; };
		DA9A1B3D2B2720FE00AE5B94 /* Currency.swift */ = {isa = PBXFileReference; lastKnownFileType = sourcecode.swift; path = Currency.swift; sourceTree = "<group>"; };
		DA9A1B402B27214900AE5B94 /* MarketOverviewViewModel.swift */ = {isa = PBXFileReference; lastKnownFileType = sourcecode.swift; path = MarketOverviewViewModel.swift; sourceTree = "<group>"; };
/* End PBXFileReference section */

/* Begin PBXFrameworksBuildPhase section */
		54D07A692B271E5D00D321A0 /* Frameworks */ = {
			isa = PBXFrameworksBuildPhase;
			buildActionMask = 2147483647;
			files = (
			);
			runOnlyForDeploymentPostprocessing = 0;
		};
/* End PBXFrameworksBuildPhase section */

/* Begin PBXGroup section */
		5459DDCC2B2755CB00B29C4E /* Views */ = {
			isa = PBXGroup;
			children = (
				5459DDCD2B27560F00B29C4E /* ChartView.swift */,
			);
			path = Views;
			sourceTree = "<group>";
		};
		5459DDCF2B275D8C00B29C4E /* ViewModels */ = {
			isa = PBXGroup;
			children = (
				DA9A1B402B27214900AE5B94 /* MarketOverviewViewModel.swift */,
			);
			path = ViewModels;
			sourceTree = "<group>";
		};
		54D07A632B271E5D00D321A0 = {
			isa = PBXGroup;
			children = (
				5459DDD22B27BFF300B29C4E /* README.md */,
				54D07A7E2B271E9900D321A0 /* .gitignore */,
				54D07A6E2B271E5D00D321A0 /* CryptoTracker */,
				54D07A6D2B271E5D00D321A0 /* Products */,
			);
			sourceTree = "<group>";
		};
		54D07A6D2B271E5D00D321A0 /* Products */ = {
			isa = PBXGroup;
			children = (
				54D07A6C2B271E5D00D321A0 /* CryptoTracker.app */,
			);
			name = Products;
			sourceTree = "<group>";
		};
		54D07A6E2B271E5D00D321A0 /* CryptoTracker */ = {
			isa = PBXGroup;
			children = (
				5459DDD12B27BC1D00B29C4E /* Info.plist */,
				5459DDCF2B275D8C00B29C4E /* ViewModels */,
				5459DDCC2B2755CB00B29C4E /* Views */,
				54D07A6F2B271E5D00D321A0 /* CryptoTrackerApp.swift */,
				54D07A712B271E5D00D321A0 /* ContentView.swift */,
				DA9A1B3F2B27211A00AE5B94 /* Models */,
				54D07A732B271E5F00D321A0 /* Assets.xcassets */,
				54D07A752B271E5F00D321A0 /* Preview Content */,
				5459DDD02B27BB6A00B29C4E /* Config.xcconfig */,
			);
			path = CryptoTracker;
			sourceTree = "<group>";
		};
		54D07A752B271E5F00D321A0 /* Preview Content */ = {
			isa = PBXGroup;
			children = (
				54D07A762B271E5F00D321A0 /* Preview Assets.xcassets */,
			);
			path = "Preview Content";
			sourceTree = "<group>";
		};
		DA9A1B3F2B27211A00AE5B94 /* Models */ = {
			isa = PBXGroup;
			children = (
				DA9A1B3B2B2720D600AE5B94 /* MarketData.swift */,
				DA9A1B3D2B2720FE00AE5B94 /* Currency.swift */,
				5459DDD32B285EF500B29C4E /* FavoriteCoin.swift */,
			);
			path = Models;
			sourceTree = "<group>";
		};
/* End PBXGroup section */

/* Begin PBXNativeTarget section */
		54D07A6B2B271E5D00D321A0 /* CryptoTracker */ = {
			isa = PBXNativeTarget;
			buildConfigurationList = 54D07A7A2B271E5F00D321A0 /* Build configuration list for PBXNativeTarget "CryptoTracker" */;
			buildPhases = (
				54D07A682B271E5D00D321A0 /* Sources */,
				54D07A692B271E5D00D321A0 /* Frameworks */,
				54D07A6A2B271E5D00D321A0 /* Resources */,
			);
			buildRules = (
			);
			dependencies = (
			);
			name = CryptoTracker;
			productName = CryptoTracker;
			productReference = 54D07A6C2B271E5D00D321A0 /* CryptoTracker.app */;
			productType = "com.apple.product-type.application";
		};
/* End PBXNativeTarget section */

/* Begin PBXProject section */
		54D07A642B271E5D00D321A0 /* Project object */ = {
			isa = PBXProject;
			attributes = {
				BuildIndependentTargetsInParallel = 1;
				LastSwiftUpdateCheck = 1500;
				LastUpgradeCheck = 1500;
				TargetAttributes = {
					54D07A6B2B271E5D00D321A0 = {
						CreatedOnToolsVersion = 15.0.1;
					};
				};
			};
			buildConfigurationList = 54D07A672B271E5D00D321A0 /* Build configuration list for PBXProject "CryptoTracker" */;
			compatibilityVersion = "Xcode 14.0";
			developmentRegion = en;
			hasScannedForEncodings = 0;
			knownRegions = (
				en,
				Base,
			);
			mainGroup = 54D07A632B271E5D00D321A0;
			productRefGroup = 54D07A6D2B271E5D00D321A0 /* Products */;
			projectDirPath = "";
			projectRoot = "";
			targets = (
				54D07A6B2B271E5D00D321A0 /* CryptoTracker */,
			);
		};
/* End PBXProject section */

/* Begin PBXResourcesBuildPhase section */
		54D07A6A2B271E5D00D321A0 /* Resources */ = {
			isa = PBXResourcesBuildPhase;
			buildActionMask = 2147483647;
			files = (
				54D07A772B271E5F00D321A0 /* Preview Assets.xcassets in Resources */,
				54D07A742B271E5F00D321A0 /* Assets.xcassets in Resources */,
			);
			runOnlyForDeploymentPostprocessing = 0;
		};
/* End PBXResourcesBuildPhase section */

/* Begin PBXSourcesBuildPhase section */
		54D07A682B271E5D00D321A0 /* Sources */ = {
			isa = PBXSourcesBuildPhase;
			buildActionMask = 2147483647;
			files = (
				DA9A1B3E2B2720FE00AE5B94 /* Currency.swift in Sources */,
				54D07A722B271E5D00D321A0 /* ContentView.swift in Sources */,
				DA9A1B412B27214900AE5B94 /* MarketOverviewViewModel.swift in Sources */,
				54D07A702B271E5D00D321A0 /* CryptoTrackerApp.swift in Sources */,
				5459DDD42B285EF500B29C4E /* FavoriteCoin.swift in Sources */,
				DA9A1B3C2B2720D600AE5B94 /* MarketData.swift in Sources */,
				5459DDCE2B27560F00B29C4E /* ChartView.swift in Sources */,
			);
			runOnlyForDeploymentPostprocessing = 0;
		};
/* End PBXSourcesBuildPhase section */

/* Begin XCBuildConfiguration section */
		54D07A782B271E5F00D321A0 /* Debug */ = {
			isa = XCBuildConfiguration;
			baseConfigurationReference = 5459DDD02B27BB6A00B29C4E /* Config.xcconfig */;
			buildSettings = {
				ALWAYS_SEARCH_USER_PATHS = NO;
				ASSETCATALOG_COMPILER_GENERATE_SWIFT_ASSET_SYMBOL_EXTENSIONS = YES;
				CLANG_ANALYZER_NONNULL = YES;
				CLANG_ANALYZER_NUMBER_OBJECT_CONVERSION = YES_AGGRESSIVE;
				CLANG_CXX_LANGUAGE_STANDARD = "gnu++20";
				CLANG_ENABLE_MODULES = YES;
				CLANG_ENABLE_OBJC_ARC = YES;
				CLANG_ENABLE_OBJC_WEAK = YES;
				CLANG_WARN_BLOCK_CAPTURE_AUTORELEASING = YES;
				CLANG_WARN_BOOL_CONVERSION = YES;
				CLANG_WARN_COMMA = YES;
				CLANG_WARN_CONSTANT_CONVERSION = YES;
				CLANG_WARN_DEPRECATED_OBJC_IMPLEMENTATIONS = YES;
				CLANG_WARN_DIRECT_OBJC_ISA_USAGE = YES_ERROR;
				CLANG_WARN_DOCUMENTATION_COMMENTS = YES;
				CLANG_WARN_EMPTY_BODY = YES;
				CLANG_WARN_ENUM_CONVERSION = YES;
				CLANG_WARN_INFINITE_RECURSION = YES;
				CLANG_WARN_INT_CONVERSION = YES;
				CLANG_WARN_NON_LITERAL_NULL_CONVERSION = YES;
				CLANG_WARN_OBJC_IMPLICIT_RETAIN_SELF = YES;
				CLANG_WARN_OBJC_LITERAL_CONVERSION = YES;
				CLANG_WARN_OBJC_ROOT_CLASS = YES_ERROR;
				CLANG_WARN_QUOTED_INCLUDE_IN_FRAMEWORK_HEADER = YES;
				CLANG_WARN_RANGE_LOOP_ANALYSIS = YES;
				CLANG_WARN_STRICT_PROTOTYPES = YES;
				CLANG_WARN_SUSPICIOUS_MOVE = YES;
				CLANG_WARN_UNGUARDED_AVAILABILITY = YES_AGGRESSIVE;
				CLANG_WARN_UNREACHABLE_CODE = YES;
				CLANG_WARN__DUPLICATE_METHOD_MATCH = YES;
				COPY_PHASE_STRIP = NO;
				DEBUG_INFORMATION_FORMAT = dwarf;
				ENABLE_STRICT_OBJC_MSGSEND = YES;
				ENABLE_TESTABILITY = YES;
				ENABLE_USER_SCRIPT_SANDBOXING = YES;
				GCC_C_LANGUAGE_STANDARD = gnu17;
				GCC_DYNAMIC_NO_PIC = NO;
				GCC_NO_COMMON_BLOCKS = YES;
				GCC_OPTIMIZATION_LEVEL = 0;
				GCC_PREPROCESSOR_DEFINITIONS = (
					"DEBUG=1",
					"$(inherited)",
				);
				GCC_WARN_64_TO_32_BIT_CONVERSION = YES;
				GCC_WARN_ABOUT_RETURN_TYPE = YES_ERROR;
				GCC_WARN_UNDECLARED_SELECTOR = YES;
				GCC_WARN_UNINITIALIZED_AUTOS = YES_AGGRESSIVE;
				GCC_WARN_UNUSED_FUNCTION = YES;
				GCC_WARN_UNUSED_VARIABLE = YES;
				IPHONEOS_DEPLOYMENT_TARGET = 17.0;
				LOCALIZATION_PREFERS_STRING_CATALOGS = YES;
				MTL_ENABLE_DEBUG_INFO = INCLUDE_SOURCE;
				MTL_FAST_MATH = YES;
				ONLY_ACTIVE_ARCH = YES;
				SDKROOT = iphoneos;
				SWIFT_ACTIVE_COMPILATION_CONDITIONS = "DEBUG $(inherited)";
				SWIFT_OPTIMIZATION_LEVEL = "-Onone";
			};
			name = Debug;
		};
		54D07A792B271E5F00D321A0 /* Release */ = {
			isa = XCBuildConfiguration;
			baseConfigurationReference = 5459DDD02B27BB6A00B29C4E /* Config.xcconfig */;
			buildSettings = {
				ALWAYS_SEARCH_USER_PATHS = NO;
				ASSETCATALOG_COMPILER_GENERATE_SWIFT_ASSET_SYMBOL_EXTENSIONS = YES;
				CLANG_ANALYZER_NONNULL = YES;
				CLANG_ANALYZER_NUMBER_OBJECT_CONVERSION = YES_AGGRESSIVE;
				CLANG_CXX_LANGUAGE_STANDARD = "gnu++20";
				CLANG_ENABLE_MODULES = YES;
				CLANG_ENABLE_OBJC_ARC = YES;
				CLANG_ENABLE_OBJC_WEAK = YES;
				CLANG_WARN_BLOCK_CAPTURE_AUTORELEASING = YES;
				CLANG_WARN_BOOL_CONVERSION = YES;
				CLANG_WARN_COMMA = YES;
				CLANG_WARN_CONSTANT_CONVERSION = YES;
				CLANG_WARN_DEPRECATED_OBJC_IMPLEMENTATIONS = YES;
				CLANG_WARN_DIRECT_OBJC_ISA_USAGE = YES_ERROR;
				CLANG_WARN_DOCUMENTATION_COMMENTS = YES;
				CLANG_WARN_EMPTY_BODY = YES;
				CLANG_WARN_ENUM_CONVERSION = YES;
				CLANG_WARN_INFINITE_RECURSION = YES;
				CLANG_WARN_INT_CONVERSION = YES;
				CLANG_WARN_NON_LITERAL_NULL_CONVERSION = YES;
				CLANG_WARN_OBJC_IMPLICIT_RETAIN_SELF = YES;
				CLANG_WARN_OBJC_LITERAL_CONVERSION = YES;
				CLANG_WARN_OBJC_ROOT_CLASS = YES_ERROR;
				CLANG_WARN_QUOTED_INCLUDE_IN_FRAMEWORK_HEADER = YES;
				CLANG_WARN_RANGE_LOOP_ANALYSIS = YES;
				CLANG_WARN_STRICT_PROTOTYPES = YES;
				CLANG_WARN_SUSPICIOUS_MOVE = YES;
				CLANG_WARN_UNGUARDED_AVAILABILITY = YES_AGGRESSIVE;
				CLANG_WARN_UNREACHABLE_CODE = YES;
				CLANG_WARN__DUPLICATE_METHOD_MATCH = YES;
				COPY_PHASE_STRIP = NO;
				DEBUG_INFORMATION_FORMAT = "dwarf-with-dsym";
				ENABLE_NS_ASSERTIONS = NO;
				ENABLE_STRICT_OBJC_MSGSEND = YES;
				ENABLE_USER_SCRIPT_SANDBOXING = YES;
				GCC_C_LANGUAGE_STANDARD = gnu17;
				GCC_NO_COMMON_BLOCKS = YES;
				GCC_WARN_64_TO_32_BIT_CONVERSION = YES;
				GCC_WARN_ABOUT_RETURN_TYPE = YES_ERROR;
				GCC_WARN_UNDECLARED_SELECTOR = YES;
				GCC_WARN_UNINITIALIZED_AUTOS = YES_AGGRESSIVE;
				GCC_WARN_UNUSED_FUNCTION = YES;
				GCC_WARN_UNUSED_VARIABLE = YES;
				IPHONEOS_DEPLOYMENT_TARGET = 17.0;
				LOCALIZATION_PREFERS_STRING_CATALOGS = YES;
				MTL_ENABLE_DEBUG_INFO = NO;
				MTL_FAST_MATH = YES;
				SDKROOT = iphoneos;
				SWIFT_COMPILATION_MODE = wholemodule;
				VALIDATE_PRODUCT = YES;
			};
			name = Release;
		};
		54D07A7B2B271E5F00D321A0 /* Debug */ = {
			isa = XCBuildConfiguration;
			buildSettings = {
				ASSETCATALOG_COMPILER_APPICON_NAME = AppIcon;
				ASSETCATALOG_COMPILER_GLOBAL_ACCENT_COLOR_NAME = AccentColor;
				CODE_SIGN_STYLE = Automatic;
				CURRENT_PROJECT_VERSION = 1;
				DEVELOPMENT_ASSET_PATHS = "\"CryptoTracker/Preview Content\"";
				DEVELOPMENT_TEAM = L228K2QMTF;
				ENABLE_PREVIEWS = YES;
				GENERATE_INFOPLIST_FILE = YES;
				INFOPLIST_FILE = CryptoTracker/Info.plist;
				INFOPLIST_KEY_UIApplicationSceneManifest_Generation = YES;
				INFOPLIST_KEY_UIApplicationSupportsIndirectInputEvents = YES;
				INFOPLIST_KEY_UILaunchScreen_Generation = YES;
				INFOPLIST_KEY_UISupportedInterfaceOrientations_iPad = "UIInterfaceOrientationPortrait UIInterfaceOrientationPortraitUpsideDown UIInterfaceOrientationLandscapeLeft UIInterfaceOrientationLandscapeRight";
				INFOPLIST_KEY_UISupportedInterfaceOrientations_iPhone = "UIInterfaceOrientationPortrait UIInterfaceOrientationLandscapeLeft UIInterfaceOrientationLandscapeRight";
				LD_RUNPATH_SEARCH_PATHS = (
					"$(inherited)",
					"@executable_path/Frameworks",
				);
				MARKETING_VERSION = 1.0;
				PRODUCT_BUNDLE_IDENTIFIER = "salvatore.attanasio29-gmail.com.CryptoTracker";
				PRODUCT_NAME = "$(TARGET_NAME)";
				SWIFT_EMIT_LOC_STRINGS = YES;
				SWIFT_VERSION = 5.0;
				TARGETED_DEVICE_FAMILY = "1,2";
			};
			name = Debug;
		};
		54D07A7C2B271E5F00D321A0 /* Release */ = {
			isa = XCBuildConfiguration;
			buildSettings = {
				ASSETCATALOG_COMPILER_APPICON_NAME = AppIcon;
				ASSETCATALOG_COMPILER_GLOBAL_ACCENT_COLOR_NAME = AccentColor;
				CODE_SIGN_STYLE = Automatic;
				CURRENT_PROJECT_VERSION = 1;
				DEVELOPMENT_ASSET_PATHS = "\"CryptoTracker/Preview Content\"";
				DEVELOPMENT_TEAM = L228K2QMTF;
				ENABLE_PREVIEWS = YES;
				GENERATE_INFOPLIST_FILE = YES;
				INFOPLIST_FILE = CryptoTracker/Info.plist;
				INFOPLIST_KEY_UIApplicationSceneManifest_Generation = YES;
				INFOPLIST_KEY_UIApplicationSupportsIndirectInputEvents = YES;
				INFOPLIST_KEY_UILaunchScreen_Generation = YES;
				INFOPLIST_KEY_UISupportedInterfaceOrientations_iPad = "UIInterfaceOrientationPortrait UIInterfaceOrientationPortraitUpsideDown UIInterfaceOrientationLandscapeLeft UIInterfaceOrientationLandscapeRight";
				INFOPLIST_KEY_UISupportedInterfaceOrientations_iPhone = "UIInterfaceOrientationPortrait UIInterfaceOrientationLandscapeLeft UIInterfaceOrientationLandscapeRight";
				LD_RUNPATH_SEARCH_PATHS = (
					"$(inherited)",
					"@executable_path/Frameworks",
				);
				MARKETING_VERSION = 1.0;
				PRODUCT_BUNDLE_IDENTIFIER = "salvatore.attanasio29-gmail.com.CryptoTracker";
				PRODUCT_NAME = "$(TARGET_NAME)";
				SWIFT_EMIT_LOC_STRINGS = YES;
				SWIFT_VERSION = 5.0;
				TARGETED_DEVICE_FAMILY = "1,2";
			};
			name = Release;
		};
/* End XCBuildConfiguration section */

/* Begin XCConfigurationList section */
		54D07A672B271E5D00D321A0 /* Build configuration list for PBXProject "CryptoTracker" */ = {
			isa = XCConfigurationList;
			buildConfigurations = (
				54D07A782B271E5F00D321A0 /* Debug */,
				54D07A792B271E5F00D321A0 /* Release */,
			);
			defaultConfigurationIsVisible = 0;
			defaultConfigurationName = Release;
		};
		54D07A7A2B271E5F00D321A0 /* Build configuration list for PBXNativeTarget "CryptoTracker" */ = {
			isa = XCConfigurationList;
			buildConfigurations = (
				54D07A7B2B271E5F00D321A0 /* Debug */,
				54D07A7C2B271E5F00D321A0 /* Release */,
			);
			defaultConfigurationIsVisible = 0;
			defaultConfigurationName = Release;
		};
/* End XCConfigurationList section */
	};
	rootObject = 54D07A642B271E5D00D321A0 /* Project object */;
}
